// !$*UTF8*$!
{
	archiveVersion = 1;
	classes = {
	};
	objectVersion = 46;
	objects = {

/* Begin PBXBuildFile section */
		4395A81B17C5D891007299F8 /* UIKit.framework in Frameworks */ = {isa = PBXBuildFile; fileRef = 4395A81A17C5D891007299F8 /* UIKit.framework */; };
		4395A81D17C5D891007299F8 /* Foundation.framework in Frameworks */ = {isa = PBXBuildFile; fileRef = 4395A81C17C5D891007299F8 /* Foundation.framework */; };
		4395A81F17C5D891007299F8 /* CoreGraphics.framework in Frameworks */ = {isa = PBXBuildFile; fileRef = 4395A81E17C5D891007299F8 /* CoreGraphics.framework */; };
		4395A82517C5D891007299F8 /* InfoPlist.strings in Resources */ = {isa = PBXBuildFile; fileRef = 4395A82317C5D891007299F8 /* InfoPlist.strings */; };
		4395A82717C5D891007299F8 /* main.m in Sources */ = {isa = PBXBuildFile; fileRef = 4395A82617C5D891007299F8 /* main.m */; };
		4395A82B17C5D892007299F8 /* AppDelegate.m in Sources */ = {isa = PBXBuildFile; fileRef = 4395A82A17C5D892007299F8 /* AppDelegate.m */; };
		4395A82D17C5D892007299F8 /* Default.png in Resources */ = {isa = PBXBuildFile; fileRef = 4395A82C17C5D892007299F8 /* Default.png */; };
		4395A82F17C5D892007299F8 /* Default@2x.png in Resources */ = {isa = PBXBuildFile; fileRef = 4395A82E17C5D892007299F8 /* Default@2x.png */; };
		4395A83117C5D892007299F8 /* Default-568h@2x.png in Resources */ = {isa = PBXBuildFile; fileRef = 4395A83017C5D892007299F8 /* Default-568h@2x.png */; };
		4395A83417C5D892007299F8 /* MainStoryboard.storyboard in Resources */ = {isa = PBXBuildFile; fileRef = 4395A83217C5D892007299F8 /* MainStoryboard.storyboard */; };
		4395A83717C5D892007299F8 /* ViewController.m in Sources */ = {isa = PBXBuildFile; fileRef = 4395A83617C5D892007299F8 /* ViewController.m */; };
		4395A83F17C5D892007299F8 /* SenTestingKit.framework in Frameworks */ = {isa = PBXBuildFile; fileRef = 4395A83E17C5D892007299F8 /* SenTestingKit.framework */; };
		4395A84017C5D892007299F8 /* UIKit.framework in Frameworks */ = {isa = PBXBuildFile; fileRef = 4395A81A17C5D891007299F8 /* UIKit.framework */; };
		4395A84117C5D892007299F8 /* Foundation.framework in Frameworks */ = {isa = PBXBuildFile; fileRef = 4395A81C17C5D891007299F8 /* Foundation.framework */; };
		4395A84917C5D892007299F8 /* InfoPlist.strings in Resources */ = {isa = PBXBuildFile; fileRef = 4395A84717C5D892007299F8 /* InfoPlist.strings */; };
		4395A84C17C5D892007299F8 /* NeverGiveUpTeamTests.m in Sources */ = {isa = PBXBuildFile; fileRef = 4395A84B17C5D892007299F8 /* NeverGiveUpTeamTests.m */; };
/* End PBXBuildFile section */

/* Begin PBXContainerItemProxy section */
		4395A84217C5D892007299F8 /* PBXContainerItemProxy */ = {
			isa = PBXContainerItemProxy;
			containerPortal = 4395A80F17C5D890007299F8 /* Project object */;
			proxyType = 1;
			remoteGlobalIDString = 4395A81617C5D891007299F8;
			remoteInfo = NeverGiveUpTeam;
		};
/* End PBXContainerItemProxy section */

/* Begin PBXFileReference section */
		4395A81717C5D891007299F8 /* NeverGiveUpTeam.app */ = {isa = PBXFileReference; explicitFileType = wrapper.application; includeInIndex = 0; path = NeverGiveUpTeam.app; sourceTree = BUILT_PRODUCTS_DIR; };
		4395A81A17C5D891007299F8 /* UIKit.framework */ = {isa = PBXFileReference; lastKnownFileType = wrapper.framework; name = UIKit.framework; path = System/Library/Frameworks/UIKit.framework; sourceTree = SDKROOT; };
		4395A81C17C5D891007299F8 /* Foundation.framework */ = {isa = PBXFileReference; lastKnownFileType = wrapper.framework; name = Foundation.framework; path = System/Library/Frameworks/Foundation.framework; sourceTree = SDKROOT; };
		4395A81E17C5D891007299F8 /* CoreGraphics.framework */ = {isa = PBXFileReference; lastKnownFileType = wrapper.framework; name = CoreGraphics.framework; path = System/Library/Frameworks/CoreGraphics.framework; sourceTree = SDKROOT; };
		4395A82217C5D891007299F8 /* NeverGiveUpTeam-Info.plist */ = {isa = PBXFileReference; lastKnownFileType = text.plist.xml; path = "NeverGiveUpTeam-Info.plist"; sourceTree = "<group>"; };
		4395A82417C5D891007299F8 /* en */ = {isa = PBXFileReference; lastKnownFileType = text.plist.strings; name = en; path = en.lproj/InfoPlist.strings; sourceTree = "<group>"; };
		4395A82617C5D891007299F8 /* main.m */ = {isa = PBXFileReference; lastKnownFileType = sourcecode.c.objc; path = main.m; sourceTree = "<group>"; };
		4395A82817C5D892007299F8 /* NeverGiveUpTeam-Prefix.pch */ = {isa = PBXFileReference; lastKnownFileType = sourcecode.c.h; path = "NeverGiveUpTeam-Prefix.pch"; sourceTree = "<group>"; };
		4395A82917C5D892007299F8 /* AppDelegate.h */ = {isa = PBXFileReference; lastKnownFileType = sourcecode.c.h; path = AppDelegate.h; sourceTree = "<group>"; };
		4395A82A17C5D892007299F8 /* AppDelegate.m */ = {isa = PBXFileReference; lastKnownFileType = sourcecode.c.objc; path = AppDelegate.m; sourceTree = "<group>"; };
		4395A82C17C5D892007299F8 /* Default.png */ = {isa = PBXFileReference; lastKnownFileType = image.png; path = Default.png; sourceTree = "<group>"; };
		4395A82E17C5D892007299F8 /* Default@2x.png */ = {isa = PBXFileReference; lastKnownFileType = image.png; path = "Default@2x.png"; sourceTree = "<group>"; };
		4395A83017C5D892007299F8 /* Default-568h@2x.png */ = {isa = PBXFileReference; lastKnownFileType = image.png; path = "Default-568h@2x.png"; sourceTree = "<group>"; };
		4395A83317C5D892007299F8 /* en */ = {isa = PBXFileReference; lastKnownFileType = file.storyboard; name = en; path = en.lproj/MainStoryboard.storyboard; sourceTree = "<group>"; };
		4395A83517C5D892007299F8 /* ViewController.h */ = {isa = PBXFileReference; lastKnownFileType = sourcecode.c.h; path = ViewController.h; sourceTree = "<group>"; };
		4395A83617C5D892007299F8 /* ViewController.m */ = {isa = PBXFileReference; lastKnownFileType = sourcecode.c.objc; path = ViewController.m; sourceTree = "<group>"; };
		4395A83D17C5D892007299F8 /* NeverGiveUpTeamTests.octest */ = {isa = PBXFileReference; explicitFileType = wrapper.cfbundle; includeInIndex = 0; path = NeverGiveUpTeamTests.octest; sourceTree = BUILT_PRODUCTS_DIR; };
		4395A83E17C5D892007299F8 /* SenTestingKit.framework */ = {isa = PBXFileReference; lastKnownFileType = wrapper.framework; name = SenTestingKit.framework; path = Library/Frameworks/SenTestingKit.framework; sourceTree = DEVELOPER_DIR; };
		4395A84617C5D892007299F8 /* NeverGiveUpTeamTests-Info.plist */ = {isa = PBXFileReference; lastKnownFileType = text.plist.xml; path = "NeverGiveUpTeamTests-Info.plist"; sourceTree = "<group>"; };
		4395A84817C5D892007299F8 /* en */ = {isa = PBXFileReference; lastKnownFileType = text.plist.strings; name = en; path = en.lproj/InfoPlist.strings; sourceTree = "<group>"; };
		4395A84A17C5D892007299F8 /* NeverGiveUpTeamTests.h */ = {isa = PBXFileReference; lastKnownFileType = sourcecode.c.h; path = NeverGiveUpTeamTests.h; sourceTree = "<group>"; };
		4395A84B17C5D892007299F8 /* NeverGiveUpTeamTests.m */ = {isa = PBXFileReference; lastKnownFileType = sourcecode.c.objc; path = NeverGiveUpTeamTests.m; sourceTree = "<group>"; };
/* End PBXFileReference section */

/* Begin PBXFrameworksBuildPhase section */
		4395A81417C5D891007299F8 /* Frameworks */ = {
			isa = PBXFrameworksBuildPhase;
			buildActionMask = 2147483647;
			files = (
				4395A81B17C5D891007299F8 /* UIKit.framework in Frameworks */,
				4395A81D17C5D891007299F8 /* Foundation.framework in Frameworks */,
				4395A81F17C5D891007299F8 /* CoreGraphics.framework in Frameworks */,
			);
			runOnlyForDeploymentPostprocessing = 0;
		};
		4395A83917C5D892007299F8 /* Frameworks */ = {
			isa = PBXFrameworksBuildPhase;
			buildActionMask = 2147483647;
			files = (
				4395A83F17C5D892007299F8 /* SenTestingKit.framework in Frameworks */,
				4395A84017C5D892007299F8 /* UIKit.framework in Frameworks */,
				4395A84117C5D892007299F8 /* Foundation.framework in Frameworks */,
			);
			runOnlyForDeploymentPostprocessing = 0;
		};
/* End PBXFrameworksBuildPhase section */

/* Begin PBXGroup section */
		4395A80E17C5D890007299F8 = {
			isa = PBXGroup;
			children = (
				4395A82017C5D891007299F8 /* NeverGiveUpTeam */,
				4395A84417C5D892007299F8 /* NeverGiveUpTeamTests */,
				4395A81917C5D891007299F8 /* Frameworks */,
				4395A81817C5D891007299F8 /* Products */,
			);
			sourceTree = "<group>";
		};
		4395A81817C5D891007299F8 /* Products */ = {
			isa = PBXGroup;
			children = (
				4395A81717C5D891007299F8 /* NeverGiveUpTeam.app */,
				4395A83D17C5D892007299F8 /* NeverGiveUpTeamTests.octest */,
			);
			name = Products;
			sourceTree = "<group>";
		};
		4395A81917C5D891007299F8 /* Frameworks */ = {
			isa = PBXGroup;
			children = (
				4395A81A17C5D891007299F8 /* UIKit.framework */,
				4395A81C17C5D891007299F8 /* Foundation.framework */,
				4395A81E17C5D891007299F8 /* CoreGraphics.framework */,
				4395A83E17C5D892007299F8 /* SenTestingKit.framework */,
			);
			name = Frameworks;
			sourceTree = "<group>";
		};
		4395A82017C5D891007299F8 /* NeverGiveUpTeam */ = {
			isa = PBXGroup;
			children = (
				4395A82917C5D892007299F8 /* AppDelegate.h */,
				4395A82A17C5D892007299F8 /* AppDelegate.m */,
				4395A83217C5D892007299F8 /* MainStoryboard.storyboard */,
				4395A83517C5D892007299F8 /* ViewController.h */,
				4395A83617C5D892007299F8 /* ViewController.m */,
				4395A82117C5D891007299F8 /* Supporting Files */,
			);
			path = NeverGiveUpTeam;
			sourceTree = "<group>";
		};
		4395A82117C5D891007299F8 /* Supporting Files */ = {
			isa = PBXGroup;
			children = (
				4395A82217C5D891007299F8 /* NeverGiveUpTeam-Info.plist */,
				4395A82317C5D891007299F8 /* InfoPlist.strings */,
				4395A82617C5D891007299F8 /* main.m */,
				4395A82817C5D892007299F8 /* NeverGiveUpTeam-Prefix.pch */,
				4395A82C17C5D892007299F8 /* Default.png */,
				4395A82E17C5D892007299F8 /* Default@2x.png */,
				4395A83017C5D892007299F8 /* Default-568h@2x.png */,
			);
			name = "Supporting Files";
			sourceTree = "<group>";
		};
		4395A84417C5D892007299F8 /* NeverGiveUpTeamTests */ = {
			isa = PBXGroup;
			children = (
				4395A84A17C5D892007299F8 /* NeverGiveUpTeamTests.h */,
				4395A84B17C5D892007299F8 /* NeverGiveUpTeamTests.m */,
				4395A84517C5D892007299F8 /* Supporting Files */,
			);
			path = NeverGiveUpTeamTests;
			sourceTree = "<group>";
		};
		4395A84517C5D892007299F8 /* Supporting Files */ = {
			isa = PBXGroup;
			children = (
				4395A84617C5D892007299F8 /* NeverGiveUpTeamTests-Info.plist */,
				4395A84717C5D892007299F8 /* InfoPlist.strings */,
			);
			name = "Supporting Files";
			sourceTree = "<group>";
		};
/* End PBXGroup section */

/* Begin PBXNativeTarget section */
		4395A81617C5D891007299F8 /* NeverGiveUpTeam */ = {
			isa = PBXNativeTarget;
			buildConfigurationList = 4395A84F17C5D892007299F8 /* Build configuration list for PBXNativeTarget "NeverGiveUpTeam" */;
			buildPhases = (
				4395A81317C5D891007299F8 /* Sources */,
				4395A81417C5D891007299F8 /* Frameworks */,
				4395A81517C5D891007299F8 /* Resources */,
			);
			buildRules = (
			);
			dependencies = (
			);
			name = NeverGiveUpTeam;
			productName = NeverGiveUpTeam;
			productReference = 4395A81717C5D891007299F8 /* NeverGiveUpTeam.app */;
			productType = "com.apple.product-type.application";
		};
		4395A83C17C5D892007299F8 /* NeverGiveUpTeamTests */ = {
			isa = PBXNativeTarget;
			buildConfigurationList = 4395A85217C5D892007299F8 /* Build configuration list for PBXNativeTarget "NeverGiveUpTeamTests" */;
			buildPhases = (
				4395A83817C5D892007299F8 /* Sources */,
				4395A83917C5D892007299F8 /* Frameworks */,
				4395A83A17C5D892007299F8 /* Resources */,
				4395A83B17C5D892007299F8 /* ShellScript */,
			);
			buildRules = (
			);
			dependencies = (
				4395A84317C5D892007299F8 /* PBXTargetDependency */,
			);
			name = NeverGiveUpTeamTests;
			productName = NeverGiveUpTeamTests;
			productReference = 4395A83D17C5D892007299F8 /* NeverGiveUpTeamTests.octest */;
			productType = "com.apple.product-type.bundle";
		};
/* End PBXNativeTarget section */

/* Begin PBXProject section */
		4395A80F17C5D890007299F8 /* Project object */ = {
			isa = PBXProject;
			attributes = {
				LastUpgradeCheck = 0460;
				ORGANIZATIONNAME = techcamp;
			};
			buildConfigurationList = 4395A81217C5D890007299F8 /* Build configuration list for PBXProject "NeverGiveUpTeam" */;
			compatibilityVersion = "Xcode 3.2";
			developmentRegion = English;
			hasScannedForEncodings = 0;
			knownRegions = (
				en,
			);
			mainGroup = 4395A80E17C5D890007299F8;
			productRefGroup = 4395A81817C5D891007299F8 /* Products */;
			projectDirPath = "";
			projectRoot = "";
			targets = (
				4395A81617C5D891007299F8 /* NeverGiveUpTeam */,
				4395A83C17C5D892007299F8 /* NeverGiveUpTeamTests */,
			);
		};
/* End PBXProject section */

/* Begin PBXResourcesBuildPhase section */
		4395A81517C5D891007299F8 /* Resources */ = {
			isa = PBXResourcesBuildPhase;
			buildActionMask = 2147483647;
			files = (
				4395A82517C5D891007299F8 /* InfoPlist.strings in Resources */,
				4395A82D17C5D892007299F8 /* Default.png in Resources */,
				4395A82F17C5D892007299F8 /* Default@2x.png in Resources */,
				4395A83117C5D892007299F8 /* Default-568h@2x.png in Resources */,
				4395A83417C5D892007299F8 /* MainStoryboard.storyboard in Resources */,
			);
			runOnlyForDeploymentPostprocessing = 0;
		};
		4395A83A17C5D892007299F8 /* Resources */ = {
			isa = PBXResourcesBuildPhase;
			buildActionMask = 2147483647;
			files = (
				4395A84917C5D892007299F8 /* InfoPlist.strings in Resources */,
			);
			runOnlyForDeploymentPostprocessing = 0;
		};
/* End PBXResourcesBuildPhase section */

/* Begin PBXShellScriptBuildPhase section */
		4395A83B17C5D892007299F8 /* ShellScript */ = {
			isa = PBXShellScriptBuildPhase;
			buildActionMask = 2147483647;
			files = (
			);
			inputPaths = (
			);
			outputPaths = (
			);
			runOnlyForDeploymentPostprocessing = 0;
			shellPath = /bin/sh;
			shellScript = "# Run the unit tests in this test bundle.\n\"${SYSTEM_DEVELOPER_DIR}/Tools/RunUnitTests\"\n";
		};
/* End PBXShellScriptBuildPhase section */

/* Begin PBXSourcesBuildPhase section */
		4395A81317C5D891007299F8 /* Sources */ = {
			isa = PBXSourcesBuildPhase;
			buildActionMask = 2147483647;
			files = (
				4395A82717C5D891007299F8 /* main.m in Sources */,
				4395A82B17C5D892007299F8 /* AppDelegate.m in Sources */,
				4395A83717C5D892007299F8 /* ViewController.m in Sources */,
			);
			runOnlyForDeploymentPostprocessing = 0;
		};
		4395A83817C5D892007299F8 /* Sources */ = {
			isa = PBXSourcesBuildPhase;
			buildActionMask = 2147483647;
			files = (
				4395A84C17C5D892007299F8 /* NeverGiveUpTeamTests.m in Sources */,
			);
			runOnlyForDeploymentPostprocessing = 0;
		};
/* End PBXSourcesBuildPhase section */

/* Begin PBXTargetDependency section */
		4395A84317C5D892007299F8 /* PBXTargetDependency */ = {
			isa = PBXTargetDependency;
			target = 4395A81617C5D891007299F8 /* NeverGiveUpTeam */;
			targetProxy = 4395A84217C5D892007299F8 /* PBXContainerItemProxy */;
		};
/* End PBXTargetDependency section */

/* Begin PBXVariantGroup section */
		4395A82317C5D891007299F8 /* InfoPlist.strings */ = {
			isa = PBXVariantGroup;
			children = (
				4395A82417C5D891007299F8 /* en */,
			);
			name = InfoPlist.strings;
			sourceTree = "<group>";
		};
		4395A83217C5D892007299F8 /* MainStoryboard.storyboard */ = {
			isa = PBXVariantGroup;
			children = (
				4395A83317C5D892007299F8 /* en */,
			);
			name = MainStoryboard.storyboard;
			sourceTree = "<group>";
		};
		4395A84717C5D892007299F8 /* InfoPlist.strings */ = {
			isa = PBXVariantGroup;
			children = (
				4395A84817C5D892007299F8 /* en */,
			);
			name = InfoPlist.strings;
			sourceTree = "<group>";
		};
/* End PBXVariantGroup section */

/* Begin XCBuildConfiguration section */
		4395A84D17C5D892007299F8 /* Debug */ = {
			isa = XCBuildConfiguration;
			buildSettings = {
				ALWAYS_SEARCH_USER_PATHS = NO;
				CLANG_CXX_LANGUAGE_STANDARD = "gnu++0x";
				CLANG_CXX_LIBRARY = "libc++";
				CLANG_WARN_CONSTANT_CONVERSION = YES;
				CLANG_WARN_EMPTY_BODY = YES;
				CLANG_WARN_ENUM_CONVERSION = YES;
				CLANG_WARN_INT_CONVERSION = YES;
				CLANG_WARN__DUPLICATE_METHOD_MATCH = YES;
				"CODE_SIGN_IDENTITY[sdk=iphoneos*]" = "iPhone Developer";
				COPY_PHASE_STRIP = NO;
				GCC_C_LANGUAGE_STANDARD = gnu99;
				GCC_DYNAMIC_NO_PIC = NO;
				GCC_OPTIMIZATION_LEVEL = 0;
				GCC_PREPROCESSOR_DEFINITIONS = (
					"DEBUG=1",
					"$(inherited)",
				);
				GCC_SYMBOLS_PRIVATE_EXTERN = NO;
				GCC_WARN_ABOUT_RETURN_TYPE = YES;
				GCC_WARN_UNINITIALIZED_AUTOS = YES;
				GCC_WARN_UNUSED_VARIABLE = YES;
				IPHONEOS_DEPLOYMENT_TARGET = 6.1;
				ONLY_ACTIVE_ARCH = YES;
				SDKROOT = iphoneos;
			};
			name = Debug;
		};
		4395A84E17C5D892007299F8 /* Release */ = {
			isa = XCBuildConfiguration;
			buildSettings = {
				ALWAYS_SEARCH_USER_PATHS = NO;
				CLANG_CXX_LANGUAGE_STANDARD = "gnu++0x";
				CLANG_CXX_LIBRARY = "libc++";
				CLANG_WARN_CONSTANT_CONVERSION = YES;
				CLANG_WARN_EMPTY_BODY = YES;
				CLANG_WARN_ENUM_CONVERSION = YES;
				CLANG_WARN_INT_CONVERSION = YES;
				CLANG_WARN__DUPLICATE_METHOD_MATCH = YES;
				"CODE_SIGN_IDENTITY[sdk=iphoneos*]" = "iPhone Developer";
				COPY_PHASE_STRIP = YES;
				GCC_C_LANGUAGE_STANDARD = gnu99;
				GCC_WARN_ABOUT_RETURN_TYPE = YES;
				GCC_WARN_UNINITIALIZED_AUTOS = YES;
				GCC_WARN_UNUSED_VARIABLE = YES;
				IPHONEOS_DEPLOYMENT_TARGET = 6.1;
				OTHER_CFLAGS = "-DNS_BLOCK_ASSERTIONS=1";
				SDKROOT = iphoneos;
				VALIDATE_PRODUCT = YES;
			};
			name = Release;
		};
		4395A85017C5D892007299F8 /* Debug */ = {
			isa = XCBuildConfiguration;
			buildSettings = {
				GCC_PRECOMPILE_PREFIX_HEADER = YES;
				GCC_PREFIX_HEADER = "NeverGiveUpTeam/NeverGiveUpTeam-Prefix.pch";
				INFOPLIST_FILE = "NeverGiveUpTeam/NeverGiveUpTeam-Info.plist";
				PRODUCT_NAME = "$(TARGET_NAME)";
				WRAPPER_EXTENSION = app;
			};
			name = Debug;
		};
		4395A85117C5D892007299F8 /* Release */ = {
			isa = XCBuildConfiguration;
			buildSettings = {
				GCC_PRECOMPILE_PREFIX_HEADER = YES;
				GCC_PREFIX_HEADER = "NeverGiveUpTeam/NeverGiveUpTeam-Prefix.pch";
				INFOPLIST_FILE = "NeverGiveUpTeam/NeverGiveUpTeam-Info.plist";
				PRODUCT_NAME = "$(TARGET_NAME)";
				WRAPPER_EXTENSION = app;
			};
			name = Release;
		};
		4395A85317C5D892007299F8 /* Debug */ = {
			isa = XCBuildConfiguration;
			buildSettings = {
				BUNDLE_LOADER = "$(BUILT_PRODUCTS_DIR)/NeverGiveUpTeam.app/NeverGiveUpTeam";
				FRAMEWORK_SEARCH_PATHS = (
					"\"$(SDKROOT)/Developer/Library/Frameworks\"",
					"\"$(DEVELOPER_LIBRARY_DIR)/Frameworks\"",
				);
				GCC_PRECOMPILE_PREFIX_HEADER = YES;
				GCC_PREFIX_HEADER = "NeverGiveUpTeam/NeverGiveUpTeam-Prefix.pch";
				INFOPLIST_FILE = "NeverGiveUpTeamTests/NeverGiveUpTeamTests-Info.plist";
				PRODUCT_NAME = "$(TARGET_NAME)";
				TEST_HOST = "$(BUNDLE_LOADER)";
				WRAPPER_EXTENSION = octest;
			};
			name = Debug;
		};
		4395A85417C5D892007299F8 /* Release */ = {
			isa = XCBuildConfiguration;
			buildSettings = {
				BUNDLE_LOADER = "$(BUILT_PRODUCTS_DIR)/NeverGiveUpTeam.app/NeverGiveUpTeam";
				FRAMEWORK_SEARCH_PATHS = (
					"\"$(SDKROOT)/Developer/Library/Frameworks\"",
					"\"$(DEVELOPER_LIBRARY_DIR)/Frameworks\"",
				);
				GCC_PRECOMPILE_PREFIX_HEADER = YES;
				GCC_PREFIX_HEADER = "NeverGiveUpTeam/NeverGiveUpTeam-Prefix.pch";
				INFOPLIST_FILE = "NeverGiveUpTeamTests/NeverGiveUpTeamTests-Info.plist";
				PRODUCT_NAME = "$(TARGET_NAME)";
				TEST_HOST = "$(BUNDLE_LOADER)";
				WRAPPER_EXTENSION = octest;
			};
			name = Release;
		};
/* End XCBuildConfiguration section */

/* Begin XCConfigurationList section */
		4395A81217C5D890007299F8 /* Build configuration list for PBXProject "NeverGiveUpTeam" */ = {
			isa = XCConfigurationList;
			buildConfigurations = (
				4395A84D17C5D892007299F8 /* Debug */,
				4395A84E17C5D892007299F8 /* Release */,
			);
			defaultConfigurationIsVisible = 0;
			defaultConfigurationName = Release;
		};
		4395A84F17C5D892007299F8 /* Build configuration list for PBXNativeTarget "NeverGiveUpTeam" */ = {
			isa = XCConfigurationList;
			buildConfigurations = (
				4395A85017C5D892007299F8 /* Debug */,
				4395A85117C5D892007299F8 /* Release */,
			);
			defaultConfigurationIsVisible = 0;
		};
		4395A85217C5D892007299F8 /* Build configuration list for PBXNativeTarget "NeverGiveUpTeamTests" */ = {
			isa = XCConfigurationList;
			buildConfigurations = (
				4395A85317C5D892007299F8 /* Debug */,
				4395A85417C5D892007299F8 /* Release */,
			);
			defaultConfigurationIsVisible = 0;
		};
/* End XCConfigurationList section */
	};
	rootObject = 4395A80F17C5D890007299F8 /* Project object */;
}
